
Microsoft Visual Studio Solution File, Format Version 12.00
# Visual Studio 15
VisualStudioVersion = 15.0.27004.2006
MinimumVisualStudioVersion = 10.0.40219.1
Project("{FAE04EC0-301F-11D3-BF4B-00C04F79EFBC}") = "Ankur.Trading.App", "Ankur.Trading.App\Ankur.Trading.App.csproj", "{09CD9857-3B67-4FAE-A9FA-B914E4012955}"
EndProject
Project("{2150E333-8FDC-42A3-9474-1A3956D46DE8}") = "Binance.API", "Binance.API", "{280499E0-B313-4FEF-81B2-393E71357EC2}"
EndProject
Project("{FAE04EC0-301F-11D3-BF4B-00C04F79EFBC}") = "Binance.API.Csharp.Client", "Binance\Binance.API.Csharp.Client\Binance.API.Csharp.Client.csproj", "{EC2A020E-338A-46EE-9D08-C158CBD49C92}"
EndProject
Project("{FAE04EC0-301F-11D3-BF4B-00C04F79EFBC}") = "Binance.API.Csharp.Client.Domain", "Binance\Binance.API.Csharp.Client.Domain\Binance.API.Csharp.Client.Domain.csproj", "{E255F763-A2FE-43A8-9331-019796C935C7}"
EndProject
Project("{FAE04EC0-301F-11D3-BF4B-00C04F79EFBC}") = "Binance.API.Csharp.Client.Models", "Binance\Binance.API.Csharp.Client.Models\Binance.API.Csharp.Client.Models.csproj", "{7CF40EB8-D81D-40B5-B849-17E5662175D6}"
EndProject
Project("{FAE04EC0-301F-11D3-BF4B-00C04F79EFBC}") = "Binance.API.Csharp.Client.Test", "Binance\Binance.API.Csharp.Client.Test\Binance.API.Csharp.Client.Test.csproj", "{6F565960-4CB7-4292-9B46-17EF0E70EBBF}"
EndProject
Project("{FAE04EC0-301F-11D3-BF4B-00C04F79EFBC}") = "Ankur.Trading.Core", "Ankur.Trading.Core\Ankur.Trading.Core.csproj", "{57492D84-9761-440F-A5A6-ED9B7E51FC2E}"
EndProject
Project("{FAE04EC0-301F-11D3-BF4B-00C04F79EFBC}") = "Ankur.Trading.Test", "Ankur.Trading.Test\Ankur.Trading.Test.csproj", "{BEC151D5-610C-4E57-A6FB-0A9E85CF31BA}"
EndProject
Project("{FAE04EC0-301F-11D3-BF4B-00C04F79EFBC}") = "Ankur.Trading.BackTesting", "Ankur.Trading.BackTesting\Ankur.Trading.BackTesting.csproj", "{1CC422B5-27C7-4AA2-B206-5CB7EECE99B1}"
EndProject
Project("{2150E333-8FDC-42A3-9474-1A3956D46DE8}") = "Interface", "Interface", "{BB5024D7-CA28-444D-B4D9-8E2C03ABE95D}"
EndProject
Project("{2150E333-8FDC-42A3-9474-1A3956D46DE8}") = "Data", "Data", "{89442789-2BB9-44DF-9C54-6FC2A66346AE}"
EndProject
Project("{FAE04EC0-301F-11D3-BF4B-00C04F79EFBC}") = "Kdb", "Kdb\Kdb.csproj", "{DA8E8C0E-5D7E-4D5E-99FA-610543EA8429}"
EndProject
Project("{FAE04EC0-301F-11D3-BF4B-00C04F79EFBC}") = "Data.Core", "Data.Core\Data.Core.csproj", "{1A277375-CB02-4FEC-9955-B3BC7D2C286F}"
EndProject
Project("{2150E333-8FDC-42A3-9474-1A3956D46DE8}") = "MarketData", "MarketData", "{F0E781C2-FF8E-43DF-851D-2EAEB030A61D}"
EndProject
Project("{FAE04EC0-301F-11D3-BF4B-00C04F79EFBC}") = "Ankur.Trading.MarketData", "Ankur.Trading.MarketData\Ankur.Trading.MarketData.csproj", "{AEA14A53-E28C-4634-AC4C-0C169EEE2DBA}"
EndProject
Project("{FAE04EC0-301F-11D3-BF4B-00C04F79EFBC}") = "Ankur.Trading.LiveTesting", "Ankur.Trading.LiveTesting\Ankur.Trading.LiveTesting.csproj", "{E21D0138-5345-48DE-B817-C07C3C06DCB7}"
EndProject
Project("{FAE04EC0-301F-11D3-BF4B-00C04F79EFBC}") = "Ankur.KDB.Test", "Ankur.KDB.Test\Ankur.KDB.Test.csproj", "{FCF8407D-B44D-4A3D-AFDD-6BD12A64781C}"
EndProject
Project("{FAE04EC0-301F-11D3-BF4B-00C04F79EFBC}") = "Ankur.Charting.Test", "Ankur.Charting.Test\Ankur.Charting.Test.csproj", "{4DD83A04-33C8-4EB9-9AFD-8FDEDC35CF40}"
EndProject
Project("{2150E333-8FDC-42A3-9474-1A3956D46DE8}") = "Charting", "Charting", "{AAA3B17B-F148-42F1-B429-6B940D9A949A}"
EndProject
Project("{FAE04EC0-301F-11D3-BF4B-00C04F79EFBC}") = "SciChart_UsingSciStockChart", "..\SciChart_UsingSciStockChart\SciChart_UsingSciStockChart.csproj", "{984E36A0-D1F4-4ECC-9415-0A3BE0EBF9D6}"
EndProject
Global
	GlobalSection(SolutionConfigurationPlatforms) = preSolution
		Debug|Any CPU = Debug|Any CPU
		Release|Any CPU = Release|Any CPU
	EndGlobalSection
	GlobalSection(ProjectConfigurationPlatforms) = postSolution
		{09CD9857-3B67-4FAE-A9FA-B914E4012955}.Debug|Any CPU.ActiveCfg = Debug|Any CPU
		{09CD9857-3B67-4FAE-A9FA-B914E4012955}.Debug|Any CPU.Build.0 = Debug|Any CPU
		{09CD9857-3B67-4FAE-A9FA-B914E4012955}.Release|Any CPU.ActiveCfg = Release|Any CPU
		{09CD9857-3B67-4FAE-A9FA-B914E4012955}.Release|Any CPU.Build.0 = Release|Any CPU
		{EC2A020E-338A-46EE-9D08-C158CBD49C92}.Debug|Any CPU.ActiveCfg = Debug|Any CPU
		{EC2A020E-338A-46EE-9D08-C158CBD49C92}.Debug|Any CPU.Build.0 = Debug|Any CPU
		{EC2A020E-338A-46EE-9D08-C158CBD49C92}.Release|Any CPU.ActiveCfg = Release|Any CPU
		{EC2A020E-338A-46EE-9D08-C158CBD49C92}.Release|Any CPU.Build.0 = Release|Any CPU
		{E255F763-A2FE-43A8-9331-019796C935C7}.Debug|Any CPU.ActiveCfg = Debug|Any CPU
		{E255F763-A2FE-43A8-9331-019796C935C7}.Debug|Any CPU.Build.0 = Debug|Any CPU
		{E255F763-A2FE-43A8-9331-019796C935C7}.Release|Any CPU.ActiveCfg = Release|Any CPU
		{E255F763-A2FE-43A8-9331-019796C935C7}.Release|Any CPU.Build.0 = Release|Any CPU
		{7CF40EB8-D81D-40B5-B849-17E5662175D6}.Debug|Any CPU.ActiveCfg = Debug|Any CPU
		{7CF40EB8-D81D-40B5-B849-17E5662175D6}.Debug|Any CPU.Build.0 = Debug|Any CPU
		{7CF40EB8-D81D-40B5-B849-17E5662175D6}.Release|Any CPU.ActiveCfg = Release|Any CPU
		{7CF40EB8-D81D-40B5-B849-17E5662175D6}.Release|Any CPU.Build.0 = Release|Any CPU
		{6F565960-4CB7-4292-9B46-17EF0E70EBBF}.Debug|Any CPU.ActiveCfg = Debug|Any CPU
		{6F565960-4CB7-4292-9B46-17EF0E70EBBF}.Debug|Any CPU.Build.0 = Debug|Any CPU
		{6F565960-4CB7-4292-9B46-17EF0E70EBBF}.Release|Any CPU.ActiveCfg = Release|Any CPU
		{6F565960-4CB7-4292-9B46-17EF0E70EBBF}.Release|Any CPU.Build.0 = Release|Any CPU
		{57492D84-9761-440F-A5A6-ED9B7E51FC2E}.Debug|Any CPU.ActiveCfg = Debug|Any CPU
		{57492D84-9761-440F-A5A6-ED9B7E51FC2E}.Debug|Any CPU.Build.0 = Debug|Any CPU
		{57492D84-9761-440F-A5A6-ED9B7E51FC2E}.Release|Any CPU.ActiveCfg = Release|Any CPU
		{57492D84-9761-440F-A5A6-ED9B7E51FC2E}.Release|Any CPU.Build.0 = Release|Any CPU
		{BEC151D5-610C-4E57-A6FB-0A9E85CF31BA}.Debug|Any CPU.ActiveCfg = Debug|Any CPU
		{BEC151D5-610C-4E57-A6FB-0A9E85CF31BA}.Debug|Any CPU.Build.0 = Debug|Any CPU
		{BEC151D5-610C-4E57-A6FB-0A9E85CF31BA}.Release|Any CPU.ActiveCfg = Release|Any CPU
		{BEC151D5-610C-4E57-A6FB-0A9E85CF31BA}.Release|Any CPU.Build.0 = Release|Any CPU
		{1CC422B5-27C7-4AA2-B206-5CB7EECE99B1}.Debug|Any CPU.ActiveCfg = Debug|Any CPU
		{1CC422B5-27C7-4AA2-B206-5CB7EECE99B1}.Debug|Any CPU.Build.0 = Debug|Any CPU
		{1CC422B5-27C7-4AA2-B206-5CB7EECE99B1}.Release|Any CPU.ActiveCfg = Release|Any CPU
		{1CC422B5-27C7-4AA2-B206-5CB7EECE99B1}.Release|Any CPU.Build.0 = Release|Any CPU
		{DA8E8C0E-5D7E-4D5E-99FA-610543EA8429}.Debug|Any CPU.ActiveCfg = Debug|Any CPU
		{DA8E8C0E-5D7E-4D5E-99FA-610543EA8429}.Debug|Any CPU.Build.0 = Debug|Any CPU
		{DA8E8C0E-5D7E-4D5E-99FA-610543EA8429}.Release|Any CPU.ActiveCfg = Release|Any CPU
		{DA8E8C0E-5D7E-4D5E-99FA-610543EA8429}.Release|Any CPU.Build.0 = Release|Any CPU
		{1A277375-CB02-4FEC-9955-B3BC7D2C286F}.Debug|Any CPU.ActiveCfg = Debug|Any CPU
		{1A277375-CB02-4FEC-9955-B3BC7D2C286F}.Debug|Any CPU.Build.0 = Debug|Any CPU
		{1A277375-CB02-4FEC-9955-B3BC7D2C286F}.Release|Any CPU.ActiveCfg = Release|Any CPU
		{1A277375-CB02-4FEC-9955-B3BC7D2C286F}.Release|Any CPU.Build.0 = Release|Any CPU
		{AEA14A53-E28C-4634-AC4C-0C169EEE2DBA}.Debug|Any CPU.ActiveCfg = Debug|Any CPU
		{AEA14A53-E28C-4634-AC4C-0C169EEE2DBA}.Debug|Any CPU.Build.0 = Debug|Any CPU
		{AEA14A53-E28C-4634-AC4C-0C169EEE2DBA}.Release|Any CPU.ActiveCfg = Release|Any CPU
		{AEA14A53-E28C-4634-AC4C-0C169EEE2DBA}.Release|Any CPU.Build.0 = Release|Any CPU
		{E21D0138-5345-48DE-B817-C07C3C06DCB7}.Debug|Any CPU.ActiveCfg = Debug|Any CPU
		{E21D0138-5345-48DE-B817-C07C3C06DCB7}.Debug|Any CPU.Build.0 = Debug|Any CPU
		{E21D0138-5345-48DE-B817-C07C3C06DCB7}.Release|Any CPU.ActiveCfg = Release|Any CPU
		{E21D0138-5345-48DE-B817-C07C3C06DCB7}.Release|Any CPU.Build.0 = Release|Any CPU
		{FCF8407D-B44D-4A3D-AFDD-6BD12A64781C}.Debug|Any CPU.ActiveCfg = Debug|Any CPU
		{FCF8407D-B44D-4A3D-AFDD-6BD12A64781C}.Debug|Any CPU.Build.0 = Debug|Any CPU
		{FCF8407D-B44D-4A3D-AFDD-6BD12A64781C}.Release|Any CPU.ActiveCfg = Release|Any CPU
		{FCF8407D-B44D-4A3D-AFDD-6BD12A64781C}.Release|Any CPU.Build.0 = Release|Any CPU
		{4DD83A04-33C8-4EB9-9AFD-8FDEDC35CF40}.Debug|Any CPU.ActiveCfg = Debug|Any CPU
		{4DD83A04-33C8-4EB9-9AFD-8FDEDC35CF40}.Debug|Any CPU.Build.0 = Debug|Any CPU
		{4DD83A04-33C8-4EB9-9AFD-8FDEDC35CF40}.Release|Any CPU.ActiveCfg = Release|Any CPU
		{4DD83A04-33C8-4EB9-9AFD-8FDEDC35CF40}.Release|Any CPU.Build.0 = Release|Any CPU
		{984E36A0-D1F4-4ECC-9415-0A3BE0EBF9D6}.Debug|Any CPU.ActiveCfg = Debug|Any CPU
		{984E36A0-D1F4-4ECC-9415-0A3BE0EBF9D6}.Debug|Any CPU.Build.0 = Debug|Any CPU
		{984E36A0-D1F4-4ECC-9415-0A3BE0EBF9D6}.Release|Any CPU.ActiveCfg = Release|Any CPU
		{984E36A0-D1F4-4ECC-9415-0A3BE0EBF9D6}.Release|Any CPU.Build.0 = Release|Any CPU
	EndGlobalSection
	GlobalSection(SolutionProperties) = preSolution
		HideSolutionNode = FALSE
	EndGlobalSection
	GlobalSection(NestedProjects) = preSolution
		{09CD9857-3B67-4FAE-A9FA-B914E4012955} = {BB5024D7-CA28-444D-B4D9-8E2C03ABE95D}
		{EC2A020E-338A-46EE-9D08-C158CBD49C92} = {280499E0-B313-4FEF-81B2-393E71357EC2}
		{E255F763-A2FE-43A8-9331-019796C935C7} = {280499E0-B313-4FEF-81B2-393E71357EC2}
		{7CF40EB8-D81D-40B5-B849-17E5662175D6} = {280499E0-B313-4FEF-81B2-393E71357EC2}
		{6F565960-4CB7-4292-9B46-17EF0E70EBBF} = {280499E0-B313-4FEF-81B2-393E71357EC2}
		{1CC422B5-27C7-4AA2-B206-5CB7EECE99B1} = {BB5024D7-CA28-444D-B4D9-8E2C03ABE95D}
		{DA8E8C0E-5D7E-4D5E-99FA-610543EA8429} = {89442789-2BB9-44DF-9C54-6FC2A66346AE}
		{1A277375-CB02-4FEC-9955-B3BC7D2C286F} = {89442789-2BB9-44DF-9C54-6FC2A66346AE}
		{AEA14A53-E28C-4634-AC4C-0C169EEE2DBA} = {F0E781C2-FF8E-43DF-851D-2EAEB030A61D}
		{E21D0138-5345-48DE-B817-C07C3C06DCB7} = {BB5024D7-CA28-444D-B4D9-8E2C03ABE95D}
		{FCF8407D-B44D-4A3D-AFDD-6BD12A64781C} = {BB5024D7-CA28-444D-B4D9-8E2C03ABE95D}
		{4DD83A04-33C8-4EB9-9AFD-8FDEDC35CF40} = {BB5024D7-CA28-444D-B4D9-8E2C03ABE95D}
		{984E36A0-D1F4-4ECC-9415-0A3BE0EBF9D6} = {AAA3B17B-F148-42F1-B429-6B940D9A949A}
	EndGlobalSection
	GlobalSection(ExtensibilityGlobals) = postSolution
		SolutionGuid = {CFDB7E91-E732-48B0-885D-EAE3998CEEC7}
	EndGlobalSection
EndGlobal
